
Microsoft Visual Studio Solution File, Format Version 12.00
# Visual Studio Version 17
VisualStudioVersion = 17.11.35303.130
MinimumVisualStudioVersion = 10.0.40219.1
Project("{FAE04EC0-301F-11D3-BF4B-00C04F79EFBC}") = "ex01", "ex01\ex01.csproj", "{B6151393-38B3-4643-8D4E-F1950C31A8DF}"
EndProject
Global
	GlobalSection(SolutionConfigurationPlatforms) = preSolution
		Debug|Any CPU = Debug|Any CPU
		Release|Any CPU = Release|Any CPU
	EndGlobalSection
	GlobalSection(ProjectConfigurationPlatforms) = postSolution
		{B6151393-38B3-4643-8D4E-F1950C31A8DF}.Debug|Any CPU.ActiveCfg = Debug|Any CPU
		{B6151393-38B3-4643-8D4E-F1950C31A8DF}.Debug|Any CPU.Build.0 = Debug|Any CPU
		{B6151393-38B3-4643-8D4E-F1950C31A8DF}.Release|Any CPU.ActiveCfg = Release|Any CPU
		{B6151393-38B3-4643-8D4E-F1950C31A8DF}.Release|Any CPU.Build.0 = Release|Any CPU
	EndGlobalSection
	GlobalSection(SolutionProperties) = preSolution
		HideSolutionNode = FALSE
	EndGlobalSection
	GlobalSection(ExtensibilityGlobals) = postSolution
		SolutionGuid = {C56C7FC5-493E-4339-86A6-CF338D48DE7A}
	EndGlobalSection
EndGlobal
