
Microsoft Visual Studio Solution File, Format Version 12.00
# Visual Studio Version 17
VisualStudioVersion = 17.11.35327.3
MinimumVisualStudioVersion = 10.0.40219.1
Project("{FAE04EC0-301F-11D3-BF4B-00C04F79EFBC}") = "TemperatureConversor", "TemperatureConversor\TemperatureConversor.csproj", "{FD637B31-A453-430D-9565-B519053BDEF4}"
EndProject
Global
	GlobalSection(SolutionConfigurationPlatforms) = preSolution
		Debug|Any CPU = Debug|Any CPU
		Release|Any CPU = Release|Any CPU
	EndGlobalSection
	GlobalSection(ProjectConfigurationPlatforms) = postSolution
		{FD637B31-A453-430D-9565-B519053BDEF4}.Debug|Any CPU.ActiveCfg = Debug|Any CPU
		{FD637B31-A453-430D-9565-B519053BDEF4}.Debug|Any CPU.Build.0 = Debug|Any CPU
		{FD637B31-A453-430D-9565-B519053BDEF4}.Release|Any CPU.ActiveCfg = Release|Any CPU
		{FD637B31-A453-430D-9565-B519053BDEF4}.Release|Any CPU.Build.0 = Release|Any CPU
	EndGlobalSection
	GlobalSection(SolutionProperties) = preSolution
		HideSolutionNode = FALSE
	EndGlobalSection
	GlobalSection(ExtensibilityGlobals) = postSolution
		SolutionGuid = {833FBDE3-7906-4B67-BC79-404CE30EB4C8}
	EndGlobalSection
EndGlobal
