
Microsoft Visual Studio Solution File, Format Version 12.00
# Visual Studio Version 17
VisualStudioVersion = 17.11.35303.130
MinimumVisualStudioVersion = 10.0.40219.1
Project("{FAE04EC0-301F-11D3-BF4B-00C04F79EFBC}") = "CoinConverter", "CoinConverter\CoinConverter.csproj", "{75B9D447-647A-4078-B9F9-58818B438C2B}"
EndProject
Global
	GlobalSection(SolutionConfigurationPlatforms) = preSolution
		Debug|Any CPU = Debug|Any CPU
		Release|Any CPU = Release|Any CPU
	EndGlobalSection
	GlobalSection(ProjectConfigurationPlatforms) = postSolution
		{75B9D447-647A-4078-B9F9-58818B438C2B}.Debug|Any CPU.ActiveCfg = Debug|Any CPU
		{75B9D447-647A-4078-B9F9-58818B438C2B}.Debug|Any CPU.Build.0 = Debug|Any CPU
		{75B9D447-647A-4078-B9F9-58818B438C2B}.Release|Any CPU.ActiveCfg = Release|Any CPU
		{75B9D447-647A-4078-B9F9-58818B438C2B}.Release|Any CPU.Build.0 = Release|Any CPU
	EndGlobalSection
	GlobalSection(SolutionProperties) = preSolution
		HideSolutionNode = FALSE
	EndGlobalSection
	GlobalSection(ExtensibilityGlobals) = postSolution
		SolutionGuid = {65F803BB-6276-4433-A33B-A71A5FA4FF0D}
	EndGlobalSection
EndGlobal
