
Microsoft Visual Studio Solution File, Format Version 12.00
# Visual Studio Version 17
VisualStudioVersion = 17.11.35303.130
MinimumVisualStudioVersion = 10.0.40219.1
Project("{FAE04EC0-301F-11D3-BF4B-00C04F79EFBC}") = "ex02", "ex02\ex02.csproj", "{032FDC62-C8EE-4D10-8B14-AE711B7F383B}"
EndProject
Global
	GlobalSection(SolutionConfigurationPlatforms) = preSolution
		Debug|Any CPU = Debug|Any CPU
		Release|Any CPU = Release|Any CPU
	EndGlobalSection
	GlobalSection(ProjectConfigurationPlatforms) = postSolution
		{032FDC62-C8EE-4D10-8B14-AE711B7F383B}.Debug|Any CPU.ActiveCfg = Debug|Any CPU
		{032FDC62-C8EE-4D10-8B14-AE711B7F383B}.Debug|Any CPU.Build.0 = Debug|Any CPU
		{032FDC62-C8EE-4D10-8B14-AE711B7F383B}.Release|Any CPU.ActiveCfg = Release|Any CPU
		{032FDC62-C8EE-4D10-8B14-AE711B7F383B}.Release|Any CPU.Build.0 = Release|Any CPU
	EndGlobalSection
	GlobalSection(SolutionProperties) = preSolution
		HideSolutionNode = FALSE
	EndGlobalSection
	GlobalSection(ExtensibilityGlobals) = postSolution
		SolutionGuid = {8727CCF1-6F51-4C94-8A5D-FEC0304C37F2}
	EndGlobalSection
EndGlobal
