
Microsoft Visual Studio Solution File, Format Version 12.00
# Visual Studio Version 17
VisualStudioVersion = 17.11.35303.130
MinimumVisualStudioVersion = 10.0.40219.1
Project("{FAE04EC0-301F-11D3-BF4B-00C04F79EFBC}") = "ex05", "ex05\ex05.csproj", "{FF888E49-3254-4360-BD99-4635A029CC1B}"
EndProject
Global
	GlobalSection(SolutionConfigurationPlatforms) = preSolution
		Debug|Any CPU = Debug|Any CPU
		Release|Any CPU = Release|Any CPU
	EndGlobalSection
	GlobalSection(ProjectConfigurationPlatforms) = postSolution
		{FF888E49-3254-4360-BD99-4635A029CC1B}.Debug|Any CPU.ActiveCfg = Debug|Any CPU
		{FF888E49-3254-4360-BD99-4635A029CC1B}.Debug|Any CPU.Build.0 = Debug|Any CPU
		{FF888E49-3254-4360-BD99-4635A029CC1B}.Release|Any CPU.ActiveCfg = Release|Any CPU
		{FF888E49-3254-4360-BD99-4635A029CC1B}.Release|Any CPU.Build.0 = Release|Any CPU
	EndGlobalSection
	GlobalSection(SolutionProperties) = preSolution
		HideSolutionNode = FALSE
	EndGlobalSection
	GlobalSection(ExtensibilityGlobals) = postSolution
		SolutionGuid = {8E70CDE8-2C6F-46FC-858B-209F4CF1A6EF}
	EndGlobalSection
EndGlobal
